
Microsoft Visual Studio Solution File, Format Version 12.00
Project("{FAE04EC0-301F-11D3-BF4B-00C04F79EFBC}") = "Cobbler", "Cobbler\Cobbler.csproj", "{D86AD3A1-6147-4FAD-97B2-CF7CB0AF7778}"
EndProject
Project("{FAE04EC0-301F-11D3-BF4B-00C04F79EFBC}") = "CobblerUnitTests", "CobblerUnitTests\CobblerUnitTests.csproj", "{07A455EA-21F8-4BE1-8882-CF6D0F0FF56D}"
EndProject
Global
	GlobalSection(SolutionConfigurationPlatforms) = preSolution
		Debug|Any CPU = Debug|Any CPU
		Release|Any CPU = Release|Any CPU
	EndGlobalSection
	GlobalSection(ProjectConfigurationPlatforms) = postSolution
		{D86AD3A1-6147-4FAD-97B2-CF7CB0AF7778}.Debug|Any CPU.ActiveCfg = Debug|Any CPU
		{D86AD3A1-6147-4FAD-97B2-CF7CB0AF7778}.Debug|Any CPU.Build.0 = Debug|Any CPU
		{D86AD3A1-6147-4FAD-97B2-CF7CB0AF7778}.Release|Any CPU.ActiveCfg = Release|Any CPU
		{D86AD3A1-6147-4FAD-97B2-CF7CB0AF7778}.Release|Any CPU.Build.0 = Release|Any CPU
		{07A455EA-21F8-4BE1-8882-CF6D0F0FF56D}.Debug|Any CPU.ActiveCfg = Debug|Any CPU
		{07A455EA-21F8-4BE1-8882-CF6D0F0FF56D}.Debug|Any CPU.Build.0 = Debug|Any CPU
		{07A455EA-21F8-4BE1-8882-CF6D0F0FF56D}.Release|Any CPU.ActiveCfg = Release|Any CPU
		{07A455EA-21F8-4BE1-8882-CF6D0F0FF56D}.Release|Any CPU.Build.0 = Release|Any CPU
	EndGlobalSection
EndGlobal
